
Microsoft Visual Studio Solution File, Format Version 12.00
# Visual Studio Version 17
VisualStudioVersion = 17.2.32630.192
MinimumVisualStudioVersion = 10.0.40219.1
Project("{FAE04EC0-301F-11D3-BF4B-00C04F79EFBC}") = "Vaka1", "Vaka1\Vaka1.csproj", "{1A60649B-BC14-44E1-8C0B-D04FBEBC7526}"
EndProject
Project("{FAE04EC0-301F-11D3-BF4B-00C04F79EFBC}") = "Vaka2", "Vaka2\Vaka2.csproj", "{59E73F35-6F70-4E79-A6DF-4EA4EC570D72}"
EndProject
Global
	GlobalSection(SolutionConfigurationPlatforms) = preSolution
		Debug|Any CPU = Debug|Any CPU
		Release|Any CPU = Release|Any CPU
	EndGlobalSection
	GlobalSection(ProjectConfigurationPlatforms) = postSolution
		{1A60649B-BC14-44E1-8C0B-D04FBEBC7526}.Debug|Any CPU.ActiveCfg = Debug|Any CPU
		{1A60649B-BC14-44E1-8C0B-D04FBEBC7526}.Debug|Any CPU.Build.0 = Debug|Any CPU
		{1A60649B-BC14-44E1-8C0B-D04FBEBC7526}.Release|Any CPU.ActiveCfg = Release|Any CPU
		{1A60649B-BC14-44E1-8C0B-D04FBEBC7526}.Release|Any CPU.Build.0 = Release|Any CPU
		{59E73F35-6F70-4E79-A6DF-4EA4EC570D72}.Debug|Any CPU.ActiveCfg = Debug|Any CPU
		{59E73F35-6F70-4E79-A6DF-4EA4EC570D72}.Debug|Any CPU.Build.0 = Debug|Any CPU
		{59E73F35-6F70-4E79-A6DF-4EA4EC570D72}.Release|Any CPU.ActiveCfg = Release|Any CPU
		{59E73F35-6F70-4E79-A6DF-4EA4EC570D72}.Release|Any CPU.Build.0 = Release|Any CPU
	EndGlobalSection
	GlobalSection(SolutionProperties) = preSolution
		HideSolutionNode = FALSE
	EndGlobalSection
	GlobalSection(ExtensibilityGlobals) = postSolution
		SolutionGuid = {6F080425-D7EC-4EBD-9290-A33047A456D1}
	EndGlobalSection
EndGlobal
